
Microsoft Visual Studio Solution File, Format Version 12.00
# Visual Studio Version 16
VisualStudioVersion = 16.0.31702.278
MinimumVisualStudioVersion = 10.0.40219.1
Project("{FAE04EC0-301F-11D3-BF4B-00C04F79EFBC}") = "WebApplication2", "WebApplication2.csproj", "{01408F40-3388-4AE2-8308-30AE3AB8792A}"
EndProject
Global
	GlobalSection(SolutionConfigurationPlatforms) = preSolution
		Debug|Any CPU = Debug|Any CPU
		Release|Any CPU = Release|Any CPU
	EndGlobalSection
	GlobalSection(ProjectConfigurationPlatforms) = postSolution
		{01408F40-3388-4AE2-8308-30AE3AB8792A}.Debug|Any CPU.ActiveCfg = Debug|Any CPU
		{01408F40-3388-4AE2-8308-30AE3AB8792A}.Debug|Any CPU.Build.0 = Debug|Any CPU
		{01408F40-3388-4AE2-8308-30AE3AB8792A}.Release|Any CPU.ActiveCfg = Release|Any CPU
		{01408F40-3388-4AE2-8308-30AE3AB8792A}.Release|Any CPU.Build.0 = Release|Any CPU
	EndGlobalSection
	GlobalSection(SolutionProperties) = preSolution
		HideSolutionNode = FALSE
	EndGlobalSection
	GlobalSection(ExtensibilityGlobals) = postSolution
		SolutionGuid = {E66BEFE9-A097-484F-A2B4-320FDBD3CE2B}
	EndGlobalSection
EndGlobal
